
Microsoft Visual Studio Solution File, Format Version 12.00
Project("{FAE04EC0-301F-11D3-BF4B-00C04F79EFBC}") = "Lab 2", "Lab 2.csproj", "{66C680F3-5BE3-4AE1-AC73-2C507545690C}"
EndProject
Global
	GlobalSection(SolutionConfigurationPlatforms) = preSolution
		Debug|Any CPU = Debug|Any CPU
		Release|Any CPU = Release|Any CPU
	EndGlobalSection
	GlobalSection(ProjectConfigurationPlatforms) = postSolution
		{66C680F3-5BE3-4AE1-AC73-2C507545690C}.Debug|Any CPU.ActiveCfg = Debug|Any CPU
		{66C680F3-5BE3-4AE1-AC73-2C507545690C}.Debug|Any CPU.Build.0 = Debug|Any CPU
		{66C680F3-5BE3-4AE1-AC73-2C507545690C}.Release|Any CPU.ActiveCfg = Release|Any CPU
		{66C680F3-5BE3-4AE1-AC73-2C507545690C}.Release|Any CPU.Build.0 = Release|Any CPU
	EndGlobalSection
EndGlobal
